
Microsoft Visual Studio Solution File, Format Version 12.00
# Visual Studio Version 16
VisualStudioVersion = 16.0.30621.155
MinimumVisualStudioVersion = 10.0.40219.1
Project("{FAE04EC0-301F-11D3-BF4B-00C04F79EFBC}") = "Automation.Framework.Spyrosoft", "Automation.Framework.Spyrosoft\Automation.Framework.Spyrosoft.csproj", "{3EA08D3F-8C23-48BB-A7C5-5C5544E03DAA}"
EndProject
Global
	GlobalSection(SolutionConfigurationPlatforms) = preSolution
		Debug|Any CPU = Debug|Any CPU
		Release|Any CPU = Release|Any CPU
	EndGlobalSection
	GlobalSection(ProjectConfigurationPlatforms) = postSolution
		{3EA08D3F-8C23-48BB-A7C5-5C5544E03DAA}.Debug|Any CPU.ActiveCfg = Debug|Any CPU
		{3EA08D3F-8C23-48BB-A7C5-5C5544E03DAA}.Debug|Any CPU.Build.0 = Debug|Any CPU
		{3EA08D3F-8C23-48BB-A7C5-5C5544E03DAA}.Release|Any CPU.ActiveCfg = Release|Any CPU
		{3EA08D3F-8C23-48BB-A7C5-5C5544E03DAA}.Release|Any CPU.Build.0 = Release|Any CPU
	EndGlobalSection
	GlobalSection(SolutionProperties) = preSolution
		HideSolutionNode = FALSE
	EndGlobalSection
	GlobalSection(ExtensibilityGlobals) = postSolution
		SolutionGuid = {1EC7FF7E-584F-4701-8E24-D724868D7EB4}
	EndGlobalSection
EndGlobal
